
Microsoft Visual Studio Solution File, Format Version 12.00
# Visual Studio Version 16
VisualStudioVersion = 25.0.1705.6
MinimumVisualStudioVersion = 10.0.40219.1
Project("{2150E333-8FDC-42A3-9474-1A3956D46DE8}") = "FrontEnd", "FrontEnd", "{303B8E1E-7384-494E-97F7-13F6815134F6}"
EndProject
Project("{2150E333-8FDC-42A3-9474-1A3956D46DE8}") = "Gateway", "Gateway", "{289EBEEE-512C-40DF-9792-BABDA45C9A58}"
EndProject
Project("{2150E333-8FDC-42A3-9474-1A3956D46DE8}") = "Integration", "Integration", "{583B0C0E-8332-481E-9813-1AACECAF43EE}"
EndProject
Project("{2150E333-8FDC-42A3-9474-1A3956D46DE8}") = "Services", "Services", "{62F3167B-2B67-49F7-925E-A3C8C8FA9F95}"
EndProject
Project("{FAE04EC0-301F-11D3-BF4B-00C04F79EFBC}") = "Micro.Services.CouponAPI", "Micro.Services.CouponAPI\Micro.Services.CouponAPI.csproj", "{0C1A4B9B-D257-43FB-B2E0-2F96A66CCE09}"
EndProject
Project("{FAE04EC0-301F-11D3-BF4B-00C04F79EFBC}") = "Micro.Web", "Micro.Web\Micro.Web.csproj", "{A3CA81DF-1020-42C6-8244-0E644C885367}"
EndProject
Project("{FAE04EC0-301F-11D3-BF4B-00C04F79EFBC}") = "Micro.Services.AuthAPI", "Micro.Services.AuthAPI\Micro.Services.AuthAPI.csproj", "{D9D0646E-6922-4E79-A547-65650C700D3D}"
EndProject
Project("{FAE04EC0-301F-11D3-BF4B-00C04F79EFBC}") = "Micro.Services.ProductAPI", "Micro.Services.ProductAPI\Micro.Services.ProductAPI.csproj", "{2E4CD933-4B6D-4FD6-9835-1547617E8193}"
EndProject
Project("{FAE04EC0-301F-11D3-BF4B-00C04F79EFBC}") = "Micro.Services.ShoppingCartAPI", "Micro.Services.ShoppingCartAPI\Micro.Services.ShoppingCartAPI.csproj", "{BA622AED-4D7C-4E03-8F7B-5CCBA31D9DEF}"
EndProject
Project("{FAE04EC0-301F-11D3-BF4B-00C04F79EFBC}") = "Micro.MessageBus", "Micro.MessageBus\Micro.MessageBus.csproj", "{1436BCFA-9EAB-4740-A755-283B04EC5E32}"
EndProject
Global
	GlobalSection(SolutionConfigurationPlatforms) = preSolution
		Debug|Any CPU = Debug|Any CPU
		Release|Any CPU = Release|Any CPU
	EndGlobalSection
	GlobalSection(ProjectConfigurationPlatforms) = postSolution
		{0C1A4B9B-D257-43FB-B2E0-2F96A66CCE09}.Debug|Any CPU.ActiveCfg = Debug|Any CPU
		{0C1A4B9B-D257-43FB-B2E0-2F96A66CCE09}.Debug|Any CPU.Build.0 = Debug|Any CPU
		{0C1A4B9B-D257-43FB-B2E0-2F96A66CCE09}.Release|Any CPU.ActiveCfg = Release|Any CPU
		{0C1A4B9B-D257-43FB-B2E0-2F96A66CCE09}.Release|Any CPU.Build.0 = Release|Any CPU
		{A3CA81DF-1020-42C6-8244-0E644C885367}.Debug|Any CPU.ActiveCfg = Debug|Any CPU
		{A3CA81DF-1020-42C6-8244-0E644C885367}.Debug|Any CPU.Build.0 = Debug|Any CPU
		{A3CA81DF-1020-42C6-8244-0E644C885367}.Release|Any CPU.ActiveCfg = Release|Any CPU
		{A3CA81DF-1020-42C6-8244-0E644C885367}.Release|Any CPU.Build.0 = Release|Any CPU
		{D9D0646E-6922-4E79-A547-65650C700D3D}.Debug|Any CPU.ActiveCfg = Debug|Any CPU
		{D9D0646E-6922-4E79-A547-65650C700D3D}.Debug|Any CPU.Build.0 = Debug|Any CPU
		{D9D0646E-6922-4E79-A547-65650C700D3D}.Release|Any CPU.ActiveCfg = Release|Any CPU
		{D9D0646E-6922-4E79-A547-65650C700D3D}.Release|Any CPU.Build.0 = Release|Any CPU
		{2E4CD933-4B6D-4FD6-9835-1547617E8193}.Debug|Any CPU.ActiveCfg = Debug|Any CPU
		{2E4CD933-4B6D-4FD6-9835-1547617E8193}.Debug|Any CPU.Build.0 = Debug|Any CPU
		{2E4CD933-4B6D-4FD6-9835-1547617E8193}.Release|Any CPU.ActiveCfg = Release|Any CPU
		{2E4CD933-4B6D-4FD6-9835-1547617E8193}.Release|Any CPU.Build.0 = Release|Any CPU
		{BA622AED-4D7C-4E03-8F7B-5CCBA31D9DEF}.Debug|Any CPU.ActiveCfg = Debug|Any CPU
		{BA622AED-4D7C-4E03-8F7B-5CCBA31D9DEF}.Debug|Any CPU.Build.0 = Debug|Any CPU
		{BA622AED-4D7C-4E03-8F7B-5CCBA31D9DEF}.Release|Any CPU.ActiveCfg = Release|Any CPU
		{BA622AED-4D7C-4E03-8F7B-5CCBA31D9DEF}.Release|Any CPU.Build.0 = Release|Any CPU
		{1436BCFA-9EAB-4740-A755-283B04EC5E32}.Debug|Any CPU.ActiveCfg = Debug|Any CPU
		{1436BCFA-9EAB-4740-A755-283B04EC5E32}.Debug|Any CPU.Build.0 = Debug|Any CPU
		{1436BCFA-9EAB-4740-A755-283B04EC5E32}.Release|Any CPU.ActiveCfg = Release|Any CPU
		{1436BCFA-9EAB-4740-A755-283B04EC5E32}.Release|Any CPU.Build.0 = Release|Any CPU
	EndGlobalSection
	GlobalSection(SolutionProperties) = preSolution
		HideSolutionNode = FALSE
	EndGlobalSection
	GlobalSection(ExtensibilityGlobals) = postSolution
		SolutionGuid = {29B902E0-6540-4B86-84AB-C16276CD076F}
	EndGlobalSection
	GlobalSection(NestedProjects) = preSolution
		{0C1A4B9B-D257-43FB-B2E0-2F96A66CCE09} = {62F3167B-2B67-49F7-925E-A3C8C8FA9F95}
		{A3CA81DF-1020-42C6-8244-0E644C885367} = {303B8E1E-7384-494E-97F7-13F6815134F6}
		{D9D0646E-6922-4E79-A547-65650C700D3D} = {62F3167B-2B67-49F7-925E-A3C8C8FA9F95}
		{2E4CD933-4B6D-4FD6-9835-1547617E8193} = {62F3167B-2B67-49F7-925E-A3C8C8FA9F95}
		{BA622AED-4D7C-4E03-8F7B-5CCBA31D9DEF} = {62F3167B-2B67-49F7-925E-A3C8C8FA9F95}
		{1436BCFA-9EAB-4740-A755-283B04EC5E32} = {583B0C0E-8332-481E-9813-1AACECAF43EE}
	EndGlobalSection
EndGlobal
